{
  "name": "@iris-extension/qq",
  "lockfileVersion": 3,
  "requires": true,
  "packages": {
    "": {
      "name": "@iris-extension/qq",
      "dependencies": {
        "@iris/extension-sdk": "file:../../packages/extension-sdk",
        "ws": "^8.18.0"
      }
    },
    "../../packages/extension-sdk": {
      "name": "@iris/extension-sdk",
      "version": "0.1.0"
    },
    "node_modules/@iris/extension-sdk": {
      "resolved": "../../packages/extension-sdk",
      "link": true
    },
    "node_modules/ws": {
      "version": "8.20.0",
      "resolved": "https://registry.npmjs.org/ws/-/ws-8.20.0.tgz",
      "integrity": "sha512-sAt8BhgNbzCtgGbt2OxmpuryO63ZoDk/sqaB/znQm94T4fCEsy/yV+7CdC1kJhOU9lboAEU7R3kquuycDoibVA==",
      "license": "MIT",
      "engines": {
        "node": ">=10.0.0"
      },
      "peerDependencies": {
        "bufferutil": "^4.0.1",
        "utf-8-validate": ">=5.0.2"
      },
      "peerDependenciesMeta": {
        "bufferutil": {
          "optional": true
        },
        "utf-8-validate": {
          "optional": true
        }
      }
    }
  }
}
