{
  "lockfileVersion": 1,
  "configVersion": 0,
  "workspaces": {
    "": {
      "name": "@iris-extension/cron",
      "dependencies": {
        "@irises/extension-sdk": "file:../../packages/extension-sdk",
      },
    },
  },
  "packages": {
    "@irises/extension-sdk": ["@irises/extension-sdk@file:../../packages/extension-sdk", {}],
  }
}
