{
  "name": "@iris-extension/cron",
  "lockfileVersion": 3,
  "requires": true,
  "packages": {
    "": {
      "name": "@iris-extension/cron",
      "dependencies": {
        "@irises/extension-sdk": "file:../../packages/extension-sdk"
      }
    },
    "../../packages/extension-sdk": {
      "name": "@irises/extension-sdk",
      "version": "0.1.0",
      "license": "GPL-3.0-only",
      "devDependencies": {
        "@types/node": "^22.19.15",
        "typescript": "^5.7.0"
      },
      "engines": {
        "node": ">=18"
      }
    },
    "node_modules/@irises/extension-sdk": {
      "resolved": "../../packages/extension-sdk",
      "link": true
    }
  }
}
