{
  "name": "@iris-extension/weixin",
  "lockfileVersion": 3,
  "requires": true,
  "packages": {
    "": {
      "name": "@iris-extension/weixin",
      "dependencies": {
        "@iris/extension-sdk": "file:../../packages/extension-sdk"
      },
      "optionalDependencies": {
        "silk-wasm": "^3.7.1"
      }
    },
    "../../packages/extension-sdk": {
      "name": "@iris/extension-sdk",
      "version": "0.1.0"
    },
    "node_modules/@iris/extension-sdk": {
      "resolved": "../../packages/extension-sdk",
      "link": true
    },
    "node_modules/silk-wasm": {
      "version": "3.7.1",
      "resolved": "https://registry.npmjs.org/silk-wasm/-/silk-wasm-3.7.1.tgz",
      "integrity": "sha512-mXPwLRtZxrYV3TZx41jMAeKc80wvmyrcXIcs8HctFxK15Ahz2OJQENYhNgEPeCEOdI6Mbx1NxQsqxzwc3DKerw==",
      "license": "MIT",
      "optional": true,
      "engines": {
        "node": ">=16.11.0"
      }
    }
  }
}
